{
    "name": "censorify14003",
    "version": "0.1.1",
    "lockfileVersion": 3,
    "requires": true,
    "packages": {
        "": {
            "name": "censorify14003",
            "version": "0.1.1",
            "dependencies": {
                "censorify14003": "^0.1.1"
            },
            "engines": {
                "node": "*"
            }
        },
        "node_modules/censorify14003": {
            "version": "0.1.1",
            "resolved": "https://registry.npmjs.org/censorify14003/-/censorify14003-0.1.1.tgz",
            "integrity": "sha512-am5n2gonp1f18PRmY0tCmP7JolmxuRQCnDI0eij7VrBqxTyySW+qwAVSMm+g/v/HNUGCtq4oQrXyoeSwkSZF/A==",
            "engines": {
                "node": "*"
            }
        }
    }
}
